
Microsoft Visual Studio Solution File, Format Version 12.00
# Visual Studio Version 17
VisualStudioVersion = 17.6.33829.357
MinimumVisualStudioVersion = 10.0.40219.1
Project("{FAE04EC0-301F-11D3-BF4B-00C04F79EFBC}") = "AppProyecto", "AppProyecto\AppProyecto.csproj", "{C4E3F2A4-9CF1-4DF1-89E8-0F7E128E4EA4}"
EndProject
Global
	GlobalSection(SolutionConfigurationPlatforms) = preSolution
		Debug|Any CPU = Debug|Any CPU
		Release|Any CPU = Release|Any CPU
	EndGlobalSection
	GlobalSection(ProjectConfigurationPlatforms) = postSolution
		{C4E3F2A4-9CF1-4DF1-89E8-0F7E128E4EA4}.Debug|Any CPU.ActiveCfg = Debug|Any CPU
		{C4E3F2A4-9CF1-4DF1-89E8-0F7E128E4EA4}.Debug|Any CPU.Build.0 = Debug|Any CPU
		{C4E3F2A4-9CF1-4DF1-89E8-0F7E128E4EA4}.Release|Any CPU.ActiveCfg = Release|Any CPU
		{C4E3F2A4-9CF1-4DF1-89E8-0F7E128E4EA4}.Release|Any CPU.Build.0 = Release|Any CPU
	EndGlobalSection
	GlobalSection(SolutionProperties) = preSolution
		HideSolutionNode = FALSE
	EndGlobalSection
	GlobalSection(ExtensibilityGlobals) = postSolution
		SolutionGuid = {E2D976DF-9D99-4660-A133-956744D21E2C}
	EndGlobalSection
EndGlobal
